
Microsoft Visual Studio Solution File, Format Version 12.00
# Visual Studio 2012
Project("{FAE04EC0-301F-11D3-BF4B-00C04F79EFBC}") = "Cassini", "Cassini.csproj", "{33275392-3BC0-42A4-8A57-492224227FFA}"
EndProject
Global
	GlobalSection(SolutionConfigurationPlatforms) = preSolution
		Debug|iPhoneSimulator = Debug|iPhoneSimulator
		Release|iPhone = Release|iPhone
		Release|iPhoneSimulator = Release|iPhoneSimulator
		Debug|iPhone = Debug|iPhone
	EndGlobalSection
	GlobalSection(ProjectConfigurationPlatforms) = postSolution
		{33275392-3BC0-42A4-8A57-492224227FFA}.Debug|iPhoneSimulator.ActiveCfg = Debug|iPhoneSimulator
		{33275392-3BC0-42A4-8A57-492224227FFA}.Debug|iPhoneSimulator.Build.0 = Debug|iPhoneSimulator
		{33275392-3BC0-42A4-8A57-492224227FFA}.Release|iPhone.ActiveCfg = Release|iPhone
		{33275392-3BC0-42A4-8A57-492224227FFA}.Release|iPhone.Build.0 = Release|iPhone
		{33275392-3BC0-42A4-8A57-492224227FFA}.Release|iPhoneSimulator.ActiveCfg = Release|iPhoneSimulator
		{33275392-3BC0-42A4-8A57-492224227FFA}.Release|iPhoneSimulator.Build.0 = Release|iPhoneSimulator
		{33275392-3BC0-42A4-8A57-492224227FFA}.Debug|iPhone.ActiveCfg = Debug|iPhone
		{33275392-3BC0-42A4-8A57-492224227FFA}.Debug|iPhone.Build.0 = Debug|iPhone
	EndGlobalSection
EndGlobal
