
Microsoft Visual Studio Solution File, Format Version 12.00
# Visual Studio 2012
Project("{FAE04EC0-301F-11D3-BF4B-00C04F79EFBC}") = "DropIt", "DropIt.csproj", "{C98048AE-C341-46AA-A93C-AA5F3AC095A4}"
EndProject
Global
	GlobalSection(SolutionConfigurationPlatforms) = preSolution
		Debug|iPhoneSimulator = Debug|iPhoneSimulator
		Release|iPhone = Release|iPhone
		Release|iPhoneSimulator = Release|iPhoneSimulator
		Debug|iPhone = Debug|iPhone
	EndGlobalSection
	GlobalSection(ProjectConfigurationPlatforms) = postSolution
		{C98048AE-C341-46AA-A93C-AA5F3AC095A4}.Debug|iPhoneSimulator.ActiveCfg = Debug|iPhoneSimulator
		{C98048AE-C341-46AA-A93C-AA5F3AC095A4}.Debug|iPhoneSimulator.Build.0 = Debug|iPhoneSimulator
		{C98048AE-C341-46AA-A93C-AA5F3AC095A4}.Release|iPhone.ActiveCfg = Release|iPhone
		{C98048AE-C341-46AA-A93C-AA5F3AC095A4}.Release|iPhone.Build.0 = Release|iPhone
		{C98048AE-C341-46AA-A93C-AA5F3AC095A4}.Release|iPhoneSimulator.ActiveCfg = Release|iPhoneSimulator
		{C98048AE-C341-46AA-A93C-AA5F3AC095A4}.Release|iPhoneSimulator.Build.0 = Release|iPhoneSimulator
		{C98048AE-C341-46AA-A93C-AA5F3AC095A4}.Debug|iPhone.ActiveCfg = Debug|iPhone
		{C98048AE-C341-46AA-A93C-AA5F3AC095A4}.Debug|iPhone.Build.0 = Debug|iPhone
	EndGlobalSection
EndGlobal
